// !$*UTF8*$!
{
	archiveVersion = 1;
	classes = {
	};
	objectVersion = 51;
	objects = {

/* Begin PBXBuildFile section */
		765B81742B5238D1EDEBFBB1 /* Pods_KeychainSwiftTutorial.framework in Frameworks */ = {isa = PBXBuildFile; fileRef = 24FFA909EAAFCF337F036AE9 /* Pods_KeychainSwiftTutorial.framework */; };
		C940B77421C665CA007E8EF9 /* AppDelegate.swift in Sources */ = {isa = PBXBuildFile; fileRef = C940B77321C665CA007E8EF9 /* AppDelegate.swift */; };
		C940B77621C665CA007E8EF9 /* SetViewController.swift in Sources */ = {isa = PBXBuildFile; fileRef = C940B77521C665CA007E8EF9 /* SetViewController.swift */; };
		C940B77821C665CA007E8EF9 /* Assets.xcassets in Resources */ = {isa = PBXBuildFile; fileRef = C940B77721C665CA007E8EF9 /* Assets.xcassets */; };
		C940B77B21C665CA007E8EF9 /* LaunchScreen.storyboard in Resources */ = {isa = PBXBuildFile; fileRef = C940B77921C665CA007E8EF9 /* LaunchScreen.storyboard */; };
		C940B78321C6660A007E8EF9 /* GetViewController.swift in Sources */ = {isa = PBXBuildFile; fileRef = C940B78221C6660A007E8EF9 /* GetViewController.swift */; };
		C940B78621C6661A007E8EF9 /* FlatUIColorsSwift.xcassets in Resources */ = {isa = PBXBuildFile; fileRef = C940B78421C6661A007E8EF9 /* FlatUIColorsSwift.xcassets */; };
		C940B78721C6661A007E8EF9 /* Service.swift in Sources */ = {isa = PBXBuildFile; fileRef = C940B78521C6661A007E8EF9 /* Service.swift */; };
/* End PBXBuildFile section */

/* Begin PBXFileReference section */
		24FFA909EAAFCF337F036AE9 /* Pods_KeychainSwiftTutorial.framework */ = {isa = PBXFileReference; explicitFileType = wrapper.framework; includeInIndex = 0; path = Pods_KeychainSwiftTutorial.framework; sourceTree = BUILT_PRODUCTS_DIR; };
		3F6D0C686C40F8A59DEC18B6 /* Pods-KeychainSwiftTutorial.release.xcconfig */ = {isa = PBXFileReference; includeInIndex = 1; lastKnownFileType = text.xcconfig; name = "Pods-KeychainSwiftTutorial.release.xcconfig"; path = "Target Support Files/Pods-KeychainSwiftTutorial/Pods-KeychainSwiftTutorial.release.xcconfig"; sourceTree = "<group>"; };
		53D389B64AA21BDC538B6C72 /* Pods-KeychainSwiftTutorial.debug.xcconfig */ = {isa = PBXFileReference; includeInIndex = 1; lastKnownFileType = text.xcconfig; name = "Pods-KeychainSwiftTutorial.debug.xcconfig"; path = "Target Support Files/Pods-KeychainSwiftTutorial/Pods-KeychainSwiftTutorial.debug.xcconfig"; sourceTree = "<group>"; };
		C940B77021C665CA007E8EF9 /* KeychainSwiftTutorial.app */ = {isa = PBXFileReference; explicitFileType = wrapper.application; includeInIndex = 0; path = KeychainSwiftTutorial.app; sourceTree = BUILT_PRODUCTS_DIR; };
		C940B77321C665CA007E8EF9 /* AppDelegate.swift */ = {isa = PBXFileReference; lastKnownFileType = sourcecode.swift; path = AppDelegate.swift; sourceTree = "<group>"; };
		C940B77521C665CA007E8EF9 /* SetViewController.swift */ = {isa = PBXFileReference; lastKnownFileType = sourcecode.swift; path = SetViewController.swift; sourceTree = "<group>"; };
		C940B77721C665CA007E8EF9 /* Assets.xcassets */ = {isa = PBXFileReference; lastKnownFileType = folder.assetcatalog; path = Assets.xcassets; sourceTree = "<group>"; };
		C940B77A21C665CA007E8EF9 /* Base */ = {isa = PBXFileReference; lastKnownFileType = file.storyboard; name = Base; path = Base.lproj/LaunchScreen.storyboard; sourceTree = "<group>"; };
		C940B77C21C665CA007E8EF9 /* Info.plist */ = {isa = PBXFileReference; lastKnownFileType = text.plist.xml; path = Info.plist; sourceTree = "<group>"; };
		C940B78221C6660A007E8EF9 /* GetViewController.swift */ = {isa = PBXFileReference; fileEncoding = 4; lastKnownFileType = sourcecode.swift; path = GetViewController.swift; sourceTree = "<group>"; };
		C940B78421C6661A007E8EF9 /* FlatUIColorsSwift.xcassets */ = {isa = PBXFileReference; lastKnownFileType = folder.assetcatalog; path = FlatUIColorsSwift.xcassets; sourceTree = "<group>"; };
		C940B78521C6661A007E8EF9 /* Service.swift */ = {isa = PBXFileReference; fileEncoding = 4; lastKnownFileType = sourcecode.swift; path = Service.swift; sourceTree = "<group>"; };
/* End PBXFileReference section */

/* Begin PBXFrameworksBuildPhase section */
		C940B76D21C665CA007E8EF9 /* Frameworks */ = {
			isa = PBXFrameworksBuildPhase;
			buildActionMask = 2147483647;
			files = (
				765B81742B5238D1EDEBFBB1 /* Pods_KeychainSwiftTutorial.framework in Frameworks */,
			);
			runOnlyForDeploymentPostprocessing = 0;
		};
/* End PBXFrameworksBuildPhase section */

/* Begin PBXGroup section */
		598E35B32ED238AE80C9739B /* Pods */ = {
			isa = PBXGroup;
			children = (
				53D389B64AA21BDC538B6C72 /* Pods-KeychainSwiftTutorial.debug.xcconfig */,
				3F6D0C686C40F8A59DEC18B6 /* Pods-KeychainSwiftTutorial.release.xcconfig */,
			);
			path = Pods;
			sourceTree = "<group>";
		};
		C940B76721C665CA007E8EF9 = {
			isa = PBXGroup;
			children = (
				C940B77221C665CA007E8EF9 /* KeychainSwiftTutorial */,
				C940B77121C665CA007E8EF9 /* Products */,
				598E35B32ED238AE80C9739B /* Pods */,
				F431C1EF20EE9E13FBDCF3CC /* Frameworks */,
			);
			sourceTree = "<group>";
		};
		C940B77121C665CA007E8EF9 /* Products */ = {
			isa = PBXGroup;
			children = (
				C940B77021C665CA007E8EF9 /* KeychainSwiftTutorial.app */,
			);
			name = Products;
			sourceTree = "<group>";
		};
		C940B77221C665CA007E8EF9 /* KeychainSwiftTutorial */ = {
			isa = PBXGroup;
			children = (
				C940B77321C665CA007E8EF9 /* AppDelegate.swift */,
				C940B77521C665CA007E8EF9 /* SetViewController.swift */,
				C940B78221C6660A007E8EF9 /* GetViewController.swift */,
				C940B78421C6661A007E8EF9 /* FlatUIColorsSwift.xcassets */,
				C940B78521C6661A007E8EF9 /* Service.swift */,
				C940B77721C665CA007E8EF9 /* Assets.xcassets */,
				C940B77921C665CA007E8EF9 /* LaunchScreen.storyboard */,
				C940B77C21C665CA007E8EF9 /* Info.plist */,
			);
			path = KeychainSwiftTutorial;
			sourceTree = "<group>";
		};
		F431C1EF20EE9E13FBDCF3CC /* Frameworks */ = {
			isa = PBXGroup;
			children = (
				24FFA909EAAFCF337F036AE9 /* Pods_KeychainSwiftTutorial.framework */,
			);
			name = Frameworks;
			sourceTree = "<group>";
		};
/* End PBXGroup section */

/* Begin PBXNativeTarget section */
		C940B76F21C665CA007E8EF9 /* KeychainSwiftTutorial */ = {
			isa = PBXNativeTarget;
			buildConfigurationList = C940B77F21C665CA007E8EF9 /* Build configuration list for PBXNativeTarget "KeychainSwiftTutorial" */;
			buildPhases = (
				09613F10F1BA43A457C34DDA /* [CP] Check Pods Manifest.lock */,
				C940B76C21C665CA007E8EF9 /* Sources */,
				C940B76D21C665CA007E8EF9 /* Frameworks */,
				C940B76E21C665CA007E8EF9 /* Resources */,
				267167144E776AE7F699568F /* [CP] Embed Pods Frameworks */,
			);
			buildRules = (
			);
			dependencies = (
			);
			name = KeychainSwiftTutorial;
			productName = KeychainSwiftTutorial;
			productReference = C940B77021C665CA007E8EF9 /* KeychainSwiftTutorial.app */;
			productType = "com.apple.product-type.application";
		};
/* End PBXNativeTarget section */

/* Begin PBXProject section */
		C940B76821C665CA007E8EF9 /* Project object */ = {
			isa = PBXProject;
			attributes = {
				LastSwiftUpdateCheck = 1010;
				LastUpgradeCheck = 1010;
				ORGANIZATIONNAME = "Alex Nagy";
				TargetAttributes = {
					C940B76F21C665CA007E8EF9 = {
						CreatedOnToolsVersion = 10.1;
						LastSwiftMigration = 1130;
					};
				};
			};
			buildConfigurationList = C940B76B21C665CA007E8EF9 /* Build configuration list for PBXProject "KeychainSwiftTutorial" */;
			compatibilityVersion = "Xcode 9.3";
			developmentRegion = en;
			hasScannedForEncodings = 0;
			knownRegions = (
				en,
				Base,
			);
			mainGroup = C940B76721C665CA007E8EF9;
			productRefGroup = C940B77121C665CA007E8EF9 /* Products */;
			projectDirPath = "";
			projectRoot = "";
			targets = (
				C940B76F21C665CA007E8EF9 /* KeychainSwiftTutorial */,
			);
		};
/* End PBXProject section */

/* Begin PBXResourcesBuildPhase section */
		C940B76E21C665CA007E8EF9 /* Resources */ = {
			isa = PBXResourcesBuildPhase;
			buildActionMask = 2147483647;
			files = (
				C940B77821C665CA007E8EF9 /* Assets.xcassets in Resources */,
				C940B77B21C665CA007E8EF9 /* LaunchScreen.storyboard in Resources */,
				C940B78621C6661A007E8EF9 /* FlatUIColorsSwift.xcassets in Resources */,
			);
			runOnlyForDeploymentPostprocessing = 0;
		};
/* End PBXResourcesBuildPhase section */

/* Begin PBXShellScriptBuildPhase section */
		09613F10F1BA43A457C34DDA /* [CP] Check Pods Manifest.lock */ = {
			isa = PBXShellScriptBuildPhase;
			buildActionMask = 2147483647;
			files = (
			);
			inputFileListPaths = (
			);
			inputPaths = (
				"${PODS_PODFILE_DIR_PATH}/Podfile.lock",
				"${PODS_ROOT}/Manifest.lock",
			);
			name = "[CP] Check Pods Manifest.lock";
			outputFileListPaths = (
			);
			outputPaths = (
				"$(DERIVED_FILE_DIR)/Pods-KeychainSwiftTutorial-checkManifestLockResult.txt",
			);
			runOnlyForDeploymentPostprocessing = 0;
			shellPath = /bin/sh;
			shellScript = "diff \"${PODS_PODFILE_DIR_PATH}/Podfile.lock\" \"${PODS_ROOT}/Manifest.lock\" > /dev/null\nif [ $? != 0 ] ; then\n    # print error to STDERR\n    echo \"error: The sandbox is not in sync with the Podfile.lock. Run 'pod install' or update your CocoaPods installation.\" >&2\n    exit 1\nfi\n# This output is used by Xcode 'outputs' to avoid re-running this script phase.\necho \"SUCCESS\" > \"${SCRIPT_OUTPUT_FILE_0}\"\n";
			showEnvVarsInLog = 0;
		};
		267167144E776AE7F699568F /* [CP] Embed Pods Frameworks */ = {
			isa = PBXShellScriptBuildPhase;
			buildActionMask = 2147483647;
			files = (
			);
			inputFileListPaths = (
				"${PODS_ROOT}/Target Support Files/Pods-KeychainSwiftTutorial/Pods-KeychainSwiftTutorial-frameworks-${CONFIGURATION}-input-files.xcfilelist",
			);
			name = "[CP] Embed Pods Frameworks";
			outputFileListPaths = (
				"${PODS_ROOT}/Target Support Files/Pods-KeychainSwiftTutorial/Pods-KeychainSwiftTutorial-frameworks-${CONFIGURATION}-output-files.xcfilelist",
			);
			runOnlyForDeploymentPostprocessing = 0;
			shellPath = /bin/sh;
			shellScript = "\"${PODS_ROOT}/Target Support Files/Pods-KeychainSwiftTutorial/Pods-KeychainSwiftTutorial-frameworks.sh\"\n";
			showEnvVarsInLog = 0;
		};
/* End PBXShellScriptBuildPhase section */

/* Begin PBXSourcesBuildPhase section */
		C940B76C21C665CA007E8EF9 /* Sources */ = {
			isa = PBXSourcesBuildPhase;
			buildActionMask = 2147483647;
			files = (
				C940B78321C6660A007E8EF9 /* GetViewController.swift in Sources */,
				C940B78721C6661A007E8EF9 /* Service.swift in Sources */,
				C940B77421C665CA007E8EF9 /* AppDelegate.swift in Sources */,
				C940B77621C665CA007E8EF9 /* SetViewController.swift in Sources */,
			);
			runOnlyForDeploymentPostprocessing = 0;
		};
/* End PBXSourcesBuildPhase section */

/* Begin PBXVariantGroup section */
		C940B77921C665CA007E8EF9 /* LaunchScreen.storyboard */ = {
			isa = PBXVariantGroup;
			children = (
				C940B77A21C665CA007E8EF9 /* Base */,
			);
			name = LaunchScreen.storyboard;
			sourceTree = "<group>";
		};
/* End PBXVariantGroup section */

/* Begin XCBuildConfiguration section */
		C940B77D21C665CA007E8EF9 /* Debug */ = {
			isa = XCBuildConfiguration;
			buildSettings = {
				ALWAYS_SEARCH_USER_PATHS = NO;
				CLANG_ANALYZER_NONNULL = YES;
				CLANG_ANALYZER_NUMBER_OBJECT_CONVERSION = YES_AGGRESSIVE;
				CLANG_CXX_LANGUAGE_STANDARD = "gnu++14";
				CLANG_CXX_LIBRARY = "libc++";
				CLANG_ENABLE_MODULES = YES;
				CLANG_ENABLE_OBJC_ARC = YES;
				CLANG_ENABLE_OBJC_WEAK = YES;
				CLANG_WARN_BLOCK_CAPTURE_AUTORELEASING = YES;
				CLANG_WARN_BOOL_CONVERSION = YES;
				CLANG_WARN_COMMA = YES;
				CLANG_WARN_CONSTANT_CONVERSION = YES;
				CLANG_WARN_DEPRECATED_OBJC_IMPLEMENTATIONS = YES;
				CLANG_WARN_DIRECT_OBJC_ISA_USAGE = YES_ERROR;
				CLANG_WARN_DOCUMENTATION_COMMENTS = YES;
				CLANG_WARN_EMPTY_BODY = YES;
				CLANG_WARN_ENUM_CONVERSION = YES;
				CLANG_WARN_INFINITE_RECURSION = YES;
				CLANG_WARN_INT_CONVERSION = YES;
				CLANG_WARN_NON_LITERAL_NULL_CONVERSION = YES;
				CLANG_WARN_OBJC_IMPLICIT_RETAIN_SELF = YES;
				CLANG_WARN_OBJC_LITERAL_CONVERSION = YES;
				CLANG_WARN_OBJC_ROOT_CLASS = YES_ERROR;
				CLANG_WARN_RANGE_LOOP_ANALYSIS = YES;
				CLANG_WARN_STRICT_PROTOTYPES = YES;
				CLANG_WARN_SUSPICIOUS_MOVE = YES;
				CLANG_WARN_UNGUARDED_AVAILABILITY = YES_AGGRESSIVE;
				CLANG_WARN_UNREACHABLE_CODE = YES;
				CLANG_WARN__DUPLICATE_METHOD_MATCH = YES;
				CODE_SIGN_IDENTITY = "iPhone Developer";
				COPY_PHASE_STRIP = NO;
				DEBUG_INFORMATION_FORMAT = dwarf;
				ENABLE_STRICT_OBJC_MSGSEND = YES;
				ENABLE_TESTABILITY = YES;
				GCC_C_LANGUAGE_STANDARD = gnu11;
				GCC_DYNAMIC_NO_PIC = NO;
				GCC_NO_COMMON_BLOCKS = YES;
				GCC_OPTIMIZATION_LEVEL = 0;
				GCC_PREPROCESSOR_DEFINITIONS = (
					"DEBUG=1",
					"$(inherited)",
				);
				GCC_WARN_64_TO_32_BIT_CONVERSION = YES;
				GCC_WARN_ABOUT_RETURN_TYPE = YES_ERROR;
				GCC_WARN_UNDECLARED_SELECTOR = YES;
				GCC_WARN_UNINITIALIZED_AUTOS = YES_AGGRESSIVE;
				GCC_WARN_UNUSED_FUNCTION = YES;
				GCC_WARN_UNUSED_VARIABLE = YES;
				IPHONEOS_DEPLOYMENT_TARGET = 12.1;
				MTL_ENABLE_DEBUG_INFO = INCLUDE_SOURCE;
				MTL_FAST_MATH = YES;
				ONLY_ACTIVE_ARCH = YES;
				SDKROOT = iphoneos;
				SWIFT_ACTIVE_COMPILATION_CONDITIONS = DEBUG;
				SWIFT_OPTIMIZATION_LEVEL = "-Onone";
			};
			name = Debug;
		};
		C940B77E21C665CA007E8EF9 /* Release */ = {
			isa = XCBuildConfiguration;
			buildSettings = {
				ALWAYS_SEARCH_USER_PATHS = NO;
				CLANG_ANALYZER_NONNULL = YES;
				CLANG_ANALYZER_NUMBER_OBJECT_CONVERSION = YES_AGGRESSIVE;
				CLANG_CXX_LANGUAGE_STANDARD = "gnu++14";
				CLANG_CXX_LIBRARY = "libc++";
				CLANG_ENABLE_MODULES = YES;
				CLANG_ENABLE_OBJC_ARC = YES;
				CLANG_ENABLE_OBJC_WEAK = YES;
				CLANG_WARN_BLOCK_CAPTURE_AUTORELEASING = YES;
				CLANG_WARN_BOOL_CONVERSION = YES;
				CLANG_WARN_COMMA = YES;
				CLANG_WARN_CONSTANT_CONVERSION = YES;
				CLANG_WARN_DEPRECATED_OBJC_IMPLEMENTATIONS = YES;
				CLANG_WARN_DIRECT_OBJC_ISA_USAGE = YES_ERROR;
				CLANG_WARN_DOCUMENTATION_COMMENTS = YES;
				CLANG_WARN_EMPTY_BODY = YES;
				CLANG_WARN_ENUM_CONVERSION = YES;
				CLANG_WARN_INFINITE_RECURSION = YES;
				CLANG_WARN_INT_CONVERSION = YES;
				CLANG_WARN_NON_LITERAL_NULL_CONVERSION = YES;
				CLANG_WARN_OBJC_IMPLICIT_RETAIN_SELF = YES;
				CLANG_WARN_OBJC_LITERAL_CONVERSION = YES;
				CLANG_WARN_OBJC_ROOT_CLASS = YES_ERROR;
				CLANG_WARN_RANGE_LOOP_ANALYSIS = YES;
				CLANG_WARN_STRICT_PROTOTYPES = YES;
				CLANG_WARN_SUSPICIOUS_MOVE = YES;
				CLANG_WARN_UNGUARDED_AVAILABILITY = YES_AGGRESSIVE;
				CLANG_WARN_UNREACHABLE_CODE = YES;
				CLANG_WARN__DUPLICATE_METHOD_MATCH = YES;
				CODE_SIGN_IDENTITY = "iPhone Developer";
				COPY_PHASE_STRIP = NO;
				DEBUG_INFORMATION_FORMAT = "dwarf-with-dsym";
				ENABLE_NS_ASSERTIONS = NO;
				ENABLE_STRICT_OBJC_MSGSEND = YES;
				GCC_C_LANGUAGE_STANDARD = gnu11;
				GCC_NO_COMMON_BLOCKS = YES;
				GCC_WARN_64_TO_32_BIT_CONVERSION = YES;
				GCC_WARN_ABOUT_RETURN_TYPE = YES_ERROR;
				GCC_WARN_UNDECLARED_SELECTOR = YES;
				GCC_WARN_UNINITIALIZED_AUTOS = YES_AGGRESSIVE;
				GCC_WARN_UNUSED_FUNCTION = YES;
				GCC_WARN_UNUSED_VARIABLE = YES;
				IPHONEOS_DEPLOYMENT_TARGET = 12.1;
				MTL_ENABLE_DEBUG_INFO = NO;
				MTL_FAST_MATH = YES;
				SDKROOT = iphoneos;
				SWIFT_COMPILATION_MODE = wholemodule;
				SWIFT_OPTIMIZATION_LEVEL = "-O";
				VALIDATE_PRODUCT = YES;
			};
			name = Release;
		};
		C940B78021C665CA007E8EF9 /* Debug */ = {
			isa = XCBuildConfiguration;
			baseConfigurationReference = 53D389B64AA21BDC538B6C72 /* Pods-KeychainSwiftTutorial.debug.xcconfig */;
			buildSettings = {
				ASSETCATALOG_COMPILER_APPICON_NAME = AppIcon;
				CODE_SIGN_STYLE = Automatic;
				DEVELOPMENT_TEAM = R252PR8AVU;
				INFOPLIST_FILE = KeychainSwiftTutorial/Info.plist;
				LD_RUNPATH_SEARCH_PATHS = (
					"$(inherited)",
					"@executable_path/Frameworks",
				);
				PRODUCT_BUNDLE_IDENTIFIER = com.techark.KeychainDemo;
				PRODUCT_NAME = "$(TARGET_NAME)";
				SWIFT_VERSION = 5.0;
				TARGETED_DEVICE_FAMILY = "1,2";
			};
			name = Debug;
		};
		C940B78121C665CA007E8EF9 /* Release */ = {
			isa = XCBuildConfiguration;
			baseConfigurationReference = 3F6D0C686C40F8A59DEC18B6 /* Pods-KeychainSwiftTutorial.release.xcconfig */;
			buildSettings = {
				ASSETCATALOG_COMPILER_APPICON_NAME = AppIcon;
				CODE_SIGN_STYLE = Automatic;
				DEVELOPMENT_TEAM = R252PR8AVU;
				INFOPLIST_FILE = KeychainSwiftTutorial/Info.plist;
				LD_RUNPATH_SEARCH_PATHS = (
					"$(inherited)",
					"@executable_path/Frameworks",
				);
				PRODUCT_BUNDLE_IDENTIFIER = com.techark.KeychainDemo;
				PRODUCT_NAME = "$(TARGET_NAME)";
				SWIFT_VERSION = 5.0;
				TARGETED_DEVICE_FAMILY = "1,2";
			};
			name = Release;
		};
/* End XCBuildConfiguration section */

/* Begin XCConfigurationList section */
		C940B76B21C665CA007E8EF9 /* Build configuration list for PBXProject "KeychainSwiftTutorial" */ = {
			isa = XCConfigurationList;
			buildConfigurations = (
				C940B77D21C665CA007E8EF9 /* Debug */,
				C940B77E21C665CA007E8EF9 /* Release */,
			);
			defaultConfigurationIsVisible = 0;
			defaultConfigurationName = Release;
		};
		C940B77F21C665CA007E8EF9 /* Build configuration list for PBXNativeTarget "KeychainSwiftTutorial" */ = {
			isa = XCConfigurationList;
			buildConfigurations = (
				C940B78021C665CA007E8EF9 /* Debug */,
				C940B78121C665CA007E8EF9 /* Release */,
			);
			defaultConfigurationIsVisible = 0;
			defaultConfigurationName = Release;
		};
/* End XCConfigurationList section */
	};
	rootObject = C940B76821C665CA007E8EF9 /* Project object */;
}
